// !$*UTF8*$!
{
	archiveVersion = 1;
	classes = {
	};
	objectVersion = 46;
	objects = {

/* Begin PBXBuildFile section */
		1A15119E1F7A5CE800A12D5E /* CardSelectedViewController.m in Sources */ = {isa = PBXBuildFile; fileRef = 1A15119D1F7A5CE800A12D5E /* CardSelectedViewController.m */; };
		1A428C321F611BB0008FC3E0 /* BaseDemoViewController.m in Sources */ = {isa = PBXBuildFile; fileRef = 1A428C2D1F611BB0008FC3E0 /* BaseDemoViewController.m */; };
		1A428C331F611BB0008FC3E0 /* CollectionHeaderView.m in Sources */ = {isa = PBXBuildFile; fileRef = 1A428C2F1F611BB0008FC3E0 /* CollectionHeaderView.m */; };
		1A428C341F611BB0008FC3E0 /* CustomFooterView.xib in Resources */ = {isa = PBXBuildFile; fileRef = 1A428C301F611BB0008FC3E0 /* CustomFooterView.xib */; };
		1A428C351F611BB0008FC3E0 /* CustomHeaderView.xib in Resources */ = {isa = PBXBuildFile; fileRef = 1A428C311F611BB0008FC3E0 /* CustomHeaderView.xib */; };
		1A428C381F611CE6008FC3E0 /* StoryboardCell.m in Sources */ = {isa = PBXBuildFile; fileRef = 1A428C371F611CE6008FC3E0 /* StoryboardCell.m */; };
		1A428C3C1F611E13008FC3E0 /* XibCell.m in Sources */ = {isa = PBXBuildFile; fileRef = 1A428C3A1F611E13008FC3E0 /* XibCell.m */; };
		1A428C3D1F611E13008FC3E0 /* XibCell.xib in Resources */ = {isa = PBXBuildFile; fileRef = 1A428C3B1F611E13008FC3E0 /* XibCell.xib */; };
		1A428C401F611E9E008FC3E0 /* CodeCell.m in Sources */ = {isa = PBXBuildFile; fileRef = 1A428C3F1F611E9E008FC3E0 /* CodeCell.m */; };
		1A5E1B101F68D8EC00AA79BE /* SelectCell.m in Sources */ = {isa = PBXBuildFile; fileRef = 1A5E1B0F1F68D8EC00AA79BE /* SelectCell.m */; };
		1A5E1B181F690C8B00AA79BE /* InsertViewController.m in Sources */ = {isa = PBXBuildFile; fileRef = 1A5E1B171F690C8B00AA79BE /* InsertViewController.m */; };
		1A5E1B1B1F691F6D00AA79BE /* InsertCell.m in Sources */ = {isa = PBXBuildFile; fileRef = 1A5E1B1A1F691F6D00AA79BE /* InsertCell.m */; };
		1A5E1B1F1F6A7C0700AA79BE /* EditViewController.m in Sources */ = {isa = PBXBuildFile; fileRef = 1A5E1B1E1F6A7C0700AA79BE /* EditViewController.m */; };
		1A5E1B221F6A7CDE00AA79BE /* EditCell.m in Sources */ = {isa = PBXBuildFile; fileRef = 1A5E1B211F6A7CDE00AA79BE /* EditCell.m */; };
		1A5E1B321F6BB77D00AA79BE /* AppDelegate.m in Sources */ = {isa = PBXBuildFile; fileRef = 1A5E1B291F6BB77D00AA79BE /* AppDelegate.m */; };
		1A5E1B331F6BB77D00AA79BE /* HomeTableViewController.m in Sources */ = {isa = PBXBuildFile; fileRef = 1A5E1B2B1F6BB77D00AA79BE /* HomeTableViewController.m */; };
		1A5E1B351F6BB77D00AA79BE /* main.m in Sources */ = {isa = PBXBuildFile; fileRef = 1A5E1B2D1F6BB77D00AA79BE /* main.m */; };
		1A5E1B361F6BB77D00AA79BE /* Assets.xcassets in Resources */ = {isa = PBXBuildFile; fileRef = 1A5E1B2F1F6BB77D00AA79BE /* Assets.xcassets */; };
		1A5E1B371F6BB77D00AA79BE /* LaunchScreen.storyboard in Resources */ = {isa = PBXBuildFile; fileRef = 1A5E1B301F6BB77D00AA79BE /* LaunchScreen.storyboard */; };
		1A5E1B381F6BB77D00AA79BE /* Main.storyboard in Resources */ = {isa = PBXBuildFile; fileRef = 1A5E1B311F6BB77D00AA79BE /* Main.storyboard */; };
		1A5E1B441F70C7BF00AA79BE /* WaterfallsFlowLayout.m in Sources */ = {isa = PBXBuildFile; fileRef = 1A5E1B411F70C7BF00AA79BE /* WaterfallsFlowLayout.m */; };
		1A5E1B451F70C7BF00AA79BE /* WaterfallsFlowViewController.m in Sources */ = {isa = PBXBuildFile; fileRef = 1A5E1B431F70C7BF00AA79BE /* WaterfallsFlowViewController.m */; };
		1A919ED21F68D24800C2DB12 /* MultipleSelectedViewController.m in Sources */ = {isa = PBXBuildFile; fileRef = 1A919ED11F68D24800C2DB12 /* MultipleSelectedViewController.m */; };
		1A9E80201F8DF3A5007534DF /* FirstViewController.m in Sources */ = {isa = PBXBuildFile; fileRef = 1A9E801F1F8DF3A5007534DF /* FirstViewController.m */; };
		1A9E80231F8DF3BB007534DF /* SecondViewController.m in Sources */ = {isa = PBXBuildFile; fileRef = 1A9E80221F8DF3BB007534DF /* SecondViewController.m */; };
		1A9E80261F8E0043007534DF /* CustomTransitionLayout.m in Sources */ = {isa = PBXBuildFile; fileRef = 1A9E80251F8E0043007534DF /* CustomTransitionLayout.m */; };
		1AB49E991F74F39800F2E790 /* InsertAnimationViewController.m in Sources */ = {isa = PBXBuildFile; fileRef = 1AB49E981F74F39800F2E790 /* InsertAnimationViewController.m */; };
		1AB49E9C1F74F50B00F2E790 /* CustomFlowLayout.m in Sources */ = {isa = PBXBuildFile; fileRef = 1AB49E9B1F74F50B00F2E790 /* CustomFlowLayout.m */; };
		1AB49E9F1F75096700F2E790 /* CustomCell.m in Sources */ = {isa = PBXBuildFile; fileRef = 1AB49E9E1F75096700F2E790 /* CustomCell.m */; };
		348559671F7A98360058F2CD /* CardSelectedLayout.m in Sources */ = {isa = PBXBuildFile; fileRef = 348559661F7A98360058F2CD /* CardSelectedLayout.m */; };
		34F6D0E71F8CF90900094EF2 /* CollectionViewChangeLayoutViewController.m in Sources */ = {isa = PBXBuildFile; fileRef = 1A1B5D0F1F8CD03600456AD2 /* CollectionViewChangeLayoutViewController.m */; };
/* End PBXBuildFile section */

/* Begin PBXFileReference section */
		1A15119C1F7A5CE800A12D5E /* CardSelectedViewController.h */ = {isa = PBXFileReference; lastKnownFileType = sourcecode.c.h; path = CardSelectedViewController.h; sourceTree = "<group>"; };
		1A15119D1F7A5CE800A12D5E /* CardSelectedViewController.m */ = {isa = PBXFileReference; lastKnownFileType = sourcecode.c.objc; path = CardSelectedViewController.m; sourceTree = "<group>"; };
		1A1B5D0E1F8CD03600456AD2 /* CollectionViewChangeLayoutViewController.h */ = {isa = PBXFileReference; lastKnownFileType = sourcecode.c.h; path = CollectionViewChangeLayoutViewController.h; sourceTree = "<group>"; };
		1A1B5D0F1F8CD03600456AD2 /* CollectionViewChangeLayoutViewController.m */ = {isa = PBXFileReference; lastKnownFileType = sourcecode.c.objc; path = CollectionViewChangeLayoutViewController.m; sourceTree = "<group>"; };
		1A428BFA1F5E37F3008FC3E0 /* UICollectionViewDemo.app */ = {isa = PBXFileReference; explicitFileType = wrapper.application; includeInIndex = 0; path = UICollectionViewDemo.app; sourceTree = BUILT_PRODUCTS_DIR; };
		1A428C2C1F611BB0008FC3E0 /* BaseDemoViewController.h */ = {isa = PBXFileReference; fileEncoding = 4; lastKnownFileType = sourcecode.c.h; path = BaseDemoViewController.h; sourceTree = "<group>"; };
		1A428C2D1F611BB0008FC3E0 /* BaseDemoViewController.m */ = {isa = PBXFileReference; fileEncoding = 4; lastKnownFileType = sourcecode.c.objc; path = BaseDemoViewController.m; sourceTree = "<group>"; };
		1A428C2E1F611BB0008FC3E0 /* CollectionHeaderView.h */ = {isa = PBXFileReference; fileEncoding = 4; lastKnownFileType = sourcecode.c.h; path = CollectionHeaderView.h; sourceTree = "<group>"; };
		1A428C2F1F611BB0008FC3E0 /* CollectionHeaderView.m */ = {isa = PBXFileReference; fileEncoding = 4; lastKnownFileType = sourcecode.c.objc; path = CollectionHeaderView.m; sourceTree = "<group>"; };
		1A428C301F611BB0008FC3E0 /* CustomFooterView.xib */ = {isa = PBXFileReference; fileEncoding = 4; lastKnownFileType = file.xib; path = CustomFooterView.xib; sourceTree = "<group>"; };
		1A428C311F611BB0008FC3E0 /* CustomHeaderView.xib */ = {isa = PBXFileReference; fileEncoding = 4; lastKnownFileType = file.xib; path = CustomHeaderView.xib; sourceTree = "<group>"; };
		1A428C361F611CE6008FC3E0 /* StoryboardCell.h */ = {isa = PBXFileReference; fileEncoding = 4; lastKnownFileType = sourcecode.c.h; path = StoryboardCell.h; sourceTree = "<group>"; };
		1A428C371F611CE6008FC3E0 /* StoryboardCell.m */ = {isa = PBXFileReference; fileEncoding = 4; lastKnownFileType = sourcecode.c.objc; path = StoryboardCell.m; sourceTree = "<group>"; };
		1A428C391F611E13008FC3E0 /* XibCell.h */ = {isa = PBXFileReference; fileEncoding = 4; lastKnownFileType = sourcecode.c.h; path = XibCell.h; sourceTree = "<group>"; };
		1A428C3A1F611E13008FC3E0 /* XibCell.m */ = {isa = PBXFileReference; fileEncoding = 4; lastKnownFileType = sourcecode.c.objc; path = XibCell.m; sourceTree = "<group>"; };
		1A428C3B1F611E13008FC3E0 /* XibCell.xib */ = {isa = PBXFileReference; fileEncoding = 4; lastKnownFileType = file.xib; path = XibCell.xib; sourceTree = "<group>"; };
		1A428C3E1F611E9E008FC3E0 /* CodeCell.h */ = {isa = PBXFileReference; fileEncoding = 4; lastKnownFileType = sourcecode.c.h; path = CodeCell.h; sourceTree = "<group>"; };
		1A428C3F1F611E9E008FC3E0 /* CodeCell.m */ = {isa = PBXFileReference; fileEncoding = 4; lastKnownFileType = sourcecode.c.objc; path = CodeCell.m; sourceTree = "<group>"; };
		1A5E1B0E1F68D8EC00AA79BE /* SelectCell.h */ = {isa = PBXFileReference; fileEncoding = 4; lastKnownFileType = sourcecode.c.h; path = SelectCell.h; sourceTree = "<group>"; };
		1A5E1B0F1F68D8EC00AA79BE /* SelectCell.m */ = {isa = PBXFileReference; fileEncoding = 4; lastKnownFileType = sourcecode.c.objc; path = SelectCell.m; sourceTree = "<group>"; };
		1A5E1B161F690C8B00AA79BE /* InsertViewController.h */ = {isa = PBXFileReference; fileEncoding = 4; lastKnownFileType = sourcecode.c.h; path = InsertViewController.h; sourceTree = "<group>"; };
		1A5E1B171F690C8B00AA79BE /* InsertViewController.m */ = {isa = PBXFileReference; fileEncoding = 4; lastKnownFileType = sourcecode.c.objc; path = InsertViewController.m; sourceTree = "<group>"; };
		1A5E1B191F691F6D00AA79BE /* InsertCell.h */ = {isa = PBXFileReference; fileEncoding = 4; lastKnownFileType = sourcecode.c.h; path = InsertCell.h; sourceTree = "<group>"; };
		1A5E1B1A1F691F6D00AA79BE /* InsertCell.m */ = {isa = PBXFileReference; fileEncoding = 4; lastKnownFileType = sourcecode.c.objc; path = InsertCell.m; sourceTree = "<group>"; };
		1A5E1B1D1F6A7C0700AA79BE /* EditViewController.h */ = {isa = PBXFileReference; fileEncoding = 4; lastKnownFileType = sourcecode.c.h; path = EditViewController.h; sourceTree = "<group>"; };
		1A5E1B1E1F6A7C0700AA79BE /* EditViewController.m */ = {isa = PBXFileReference; fileEncoding = 4; lastKnownFileType = sourcecode.c.objc; path = EditViewController.m; sourceTree = "<group>"; };
		1A5E1B201F6A7CDE00AA79BE /* EditCell.h */ = {isa = PBXFileReference; fileEncoding = 4; lastKnownFileType = sourcecode.c.h; path = EditCell.h; sourceTree = "<group>"; };
		1A5E1B211F6A7CDE00AA79BE /* EditCell.m */ = {isa = PBXFileReference; fileEncoding = 4; lastKnownFileType = sourcecode.c.objc; path = EditCell.m; sourceTree = "<group>"; };
		1A5E1B281F6BB77D00AA79BE /* AppDelegate.h */ = {isa = PBXFileReference; fileEncoding = 4; lastKnownFileType = sourcecode.c.h; path = AppDelegate.h; sourceTree = "<group>"; };
		1A5E1B291F6BB77D00AA79BE /* AppDelegate.m */ = {isa = PBXFileReference; fileEncoding = 4; lastKnownFileType = sourcecode.c.objc; path = AppDelegate.m; sourceTree = "<group>"; };
		1A5E1B2A1F6BB77D00AA79BE /* HomeTableViewController.h */ = {isa = PBXFileReference; fileEncoding = 4; lastKnownFileType = sourcecode.c.h; path = HomeTableViewController.h; sourceTree = "<group>"; };
		1A5E1B2B1F6BB77D00AA79BE /* HomeTableViewController.m */ = {isa = PBXFileReference; fileEncoding = 4; lastKnownFileType = sourcecode.c.objc; path = HomeTableViewController.m; sourceTree = "<group>"; };
		1A5E1B2C1F6BB77D00AA79BE /* Info.plist */ = {isa = PBXFileReference; fileEncoding = 4; lastKnownFileType = text.plist.xml; path = Info.plist; sourceTree = "<group>"; };
		1A5E1B2D1F6BB77D00AA79BE /* main.m */ = {isa = PBXFileReference; fileEncoding = 4; lastKnownFileType = sourcecode.c.objc; path = main.m; sourceTree = "<group>"; };
		1A5E1B2F1F6BB77D00AA79BE /* Assets.xcassets */ = {isa = PBXFileReference; lastKnownFileType = folder.assetcatalog; path = Assets.xcassets; sourceTree = "<group>"; };
		1A5E1B301F6BB77D00AA79BE /* LaunchScreen.storyboard */ = {isa = PBXFileReference; fileEncoding = 4; lastKnownFileType = file.storyboard; path = LaunchScreen.storyboard; sourceTree = "<group>"; };
		1A5E1B311F6BB77D00AA79BE /* Main.storyboard */ = {isa = PBXFileReference; fileEncoding = 4; lastKnownFileType = file.storyboard; path = Main.storyboard; sourceTree = "<group>"; };
		1A5E1B401F70C7BF00AA79BE /* WaterfallsFlowLayout.h */ = {isa = PBXFileReference; fileEncoding = 4; lastKnownFileType = sourcecode.c.h; path = WaterfallsFlowLayout.h; sourceTree = "<group>"; };
		1A5E1B411F70C7BF00AA79BE /* WaterfallsFlowLayout.m */ = {isa = PBXFileReference; fileEncoding = 4; lastKnownFileType = sourcecode.c.objc; path = WaterfallsFlowLayout.m; sourceTree = "<group>"; };
		1A5E1B421F70C7BF00AA79BE /* WaterfallsFlowViewController.h */ = {isa = PBXFileReference; fileEncoding = 4; lastKnownFileType = sourcecode.c.h; path = WaterfallsFlowViewController.h; sourceTree = "<group>"; };
		1A5E1B431F70C7BF00AA79BE /* WaterfallsFlowViewController.m */ = {isa = PBXFileReference; fileEncoding = 4; lastKnownFileType = sourcecode.c.objc; path = WaterfallsFlowViewController.m; sourceTree = "<group>"; };
		1A919ED01F68D24800C2DB12 /* MultipleSelectedViewController.h */ = {isa = PBXFileReference; fileEncoding = 4; lastKnownFileType = sourcecode.c.h; path = MultipleSelectedViewController.h; sourceTree = "<group>"; };
		1A919ED11F68D24800C2DB12 /* MultipleSelectedViewController.m */ = {isa = PBXFileReference; fileEncoding = 4; lastKnownFileType = sourcecode.c.objc; path = MultipleSelectedViewController.m; sourceTree = "<group>"; };
		1A9E801E1F8DF3A5007534DF /* FirstViewController.h */ = {isa = PBXFileReference; lastKnownFileType = sourcecode.c.h; path = FirstViewController.h; sourceTree = "<group>"; };
		1A9E801F1F8DF3A5007534DF /* FirstViewController.m */ = {isa = PBXFileReference; lastKnownFileType = sourcecode.c.objc; path = FirstViewController.m; sourceTree = "<group>"; };
		1A9E80211F8DF3BB007534DF /* SecondViewController.h */ = {isa = PBXFileReference; lastKnownFileType = sourcecode.c.h; path = SecondViewController.h; sourceTree = "<group>"; };
		1A9E80221F8DF3BB007534DF /* SecondViewController.m */ = {isa = PBXFileReference; lastKnownFileType = sourcecode.c.objc; path = SecondViewController.m; sourceTree = "<group>"; };
		1A9E80241F8E0043007534DF /* CustomTransitionLayout.h */ = {isa = PBXFileReference; lastKnownFileType = sourcecode.c.h; path = CustomTransitionLayout.h; sourceTree = "<group>"; };
		1A9E80251F8E0043007534DF /* CustomTransitionLayout.m */ = {isa = PBXFileReference; lastKnownFileType = sourcecode.c.objc; path = CustomTransitionLayout.m; sourceTree = "<group>"; };
		1AB49E971F74F39800F2E790 /* InsertAnimationViewController.h */ = {isa = PBXFileReference; lastKnownFileType = sourcecode.c.h; path = InsertAnimationViewController.h; sourceTree = "<group>"; };
		1AB49E981F74F39800F2E790 /* InsertAnimationViewController.m */ = {isa = PBXFileReference; lastKnownFileType = sourcecode.c.objc; path = InsertAnimationViewController.m; sourceTree = "<group>"; };
		1AB49E9A1F74F50B00F2E790 /* CustomFlowLayout.h */ = {isa = PBXFileReference; lastKnownFileType = sourcecode.c.h; path = CustomFlowLayout.h; sourceTree = "<group>"; };
		1AB49E9B1F74F50B00F2E790 /* CustomFlowLayout.m */ = {isa = PBXFileReference; lastKnownFileType = sourcecode.c.objc; path = CustomFlowLayout.m; sourceTree = "<group>"; };
		1AB49E9D1F75096700F2E790 /* CustomCell.h */ = {isa = PBXFileReference; lastKnownFileType = sourcecode.c.h; path = CustomCell.h; sourceTree = "<group>"; };
		1AB49E9E1F75096700F2E790 /* CustomCell.m */ = {isa = PBXFileReference; lastKnownFileType = sourcecode.c.objc; path = CustomCell.m; sourceTree = "<group>"; };
		348559651F7A98360058F2CD /* CardSelectedLayout.h */ = {isa = PBXFileReference; fileEncoding = 4; lastKnownFileType = sourcecode.c.h; path = CardSelectedLayout.h; sourceTree = "<group>"; };
		348559661F7A98360058F2CD /* CardSelectedLayout.m */ = {isa = PBXFileReference; fileEncoding = 4; lastKnownFileType = sourcecode.c.objc; path = CardSelectedLayout.m; sourceTree = "<group>"; };
/* End PBXFileReference section */

/* Begin PBXFrameworksBuildPhase section */
		1A428BF71F5E37F3008FC3E0 /* Frameworks */ = {
			isa = PBXFrameworksBuildPhase;
			buildActionMask = 2147483647;
			files = (
			);
			runOnlyForDeploymentPostprocessing = 0;
		};
/* End PBXFrameworksBuildPhase section */

/* Begin PBXGroup section */
		1A15119B1F7A4FE400A12D5E /* 类似iCarousel卡片效果 */ = {
			isa = PBXGroup;
			children = (
				1A15119C1F7A5CE800A12D5E /* CardSelectedViewController.h */,
				1A15119D1F7A5CE800A12D5E /* CardSelectedViewController.m */,
				348559651F7A98360058F2CD /* CardSelectedLayout.h */,
				348559661F7A98360058F2CD /* CardSelectedLayout.m */,
			);
			path = "类似iCarousel卡片效果";
			sourceTree = "<group>";
		};
		1A1B5D0D1F8CD03600456AD2 /* 线性动画切换布局 */ = {
			isa = PBXGroup;
			children = (
				1A1B5D0E1F8CD03600456AD2 /* CollectionViewChangeLayoutViewController.h */,
				1A1B5D0F1F8CD03600456AD2 /* CollectionViewChangeLayoutViewController.m */,
			);
			path = "线性动画切换布局";
			sourceTree = "<group>";
		};
		1A428BF11F5E37F3008FC3E0 = {
			isa = PBXGroup;
			children = (
				1A428BFC1F5E37F3008FC3E0 /* UICollectionViewDemo */,
				1A428BFB1F5E37F3008FC3E0 /* Products */,
			);
			sourceTree = "<group>";
		};
		1A428BFB1F5E37F3008FC3E0 /* Products */ = {
			isa = PBXGroup;
			children = (
				1A428BFA1F5E37F3008FC3E0 /* UICollectionViewDemo.app */,
			);
			name = Products;
			sourceTree = "<group>";
		};
		1A428BFC1F5E37F3008FC3E0 /* UICollectionViewDemo */ = {
			isa = PBXGroup;
			children = (
				1A5E1B271F6BB77D00AA79BE /* Main */,
				1A5E1B2E1F6BB77D00AA79BE /* Resource */,
				1A8EFCC81F8DC480004BD873 /* 控制器跳转时布局切换转场动画 */,
				1A1B5D0D1F8CD03600456AD2 /* 线性动画切换布局 */,
				1A15119B1F7A4FE400A12D5E /* 类似iCarousel卡片效果 */,
				1AB49E961F74F36A00F2E790 /* 自定义Cell插入和删除动画 */,
				1A5E1B3F1F70C7BF00AA79BE /* 瀑布流布局 */,
				1A5E1B1C1F6A7BA100AA79BE /* 剪切复制和粘贴Cell */,
				1A5E1B151F690C8B00AA79BE /* 插入删除移动Cell */,
				1A919ECF1F68D24800C2DB12 /* 可多选的UICollectionView */,
				1A428C2B1F611BB0008FC3E0 /* 实现简单的UICollectionView */,
			);
			path = UICollectionViewDemo;
			sourceTree = "<group>";
		};
		1A428C2B1F611BB0008FC3E0 /* 实现简单的UICollectionView */ = {
			isa = PBXGroup;
			children = (
				1A428C2C1F611BB0008FC3E0 /* BaseDemoViewController.h */,
				1A428C2D1F611BB0008FC3E0 /* BaseDemoViewController.m */,
				1A428C2E1F611BB0008FC3E0 /* CollectionHeaderView.h */,
				1A428C2F1F611BB0008FC3E0 /* CollectionHeaderView.m */,
				1A428C301F611BB0008FC3E0 /* CustomFooterView.xib */,
				1A428C311F611BB0008FC3E0 /* CustomHeaderView.xib */,
				1A428C361F611CE6008FC3E0 /* StoryboardCell.h */,
				1A428C371F611CE6008FC3E0 /* StoryboardCell.m */,
				1A428C391F611E13008FC3E0 /* XibCell.h */,
				1A428C3A1F611E13008FC3E0 /* XibCell.m */,
				1A428C3B1F611E13008FC3E0 /* XibCell.xib */,
				1A428C3E1F611E9E008FC3E0 /* CodeCell.h */,
				1A428C3F1F611E9E008FC3E0 /* CodeCell.m */,
			);
			path = "实现简单的UICollectionView";
			sourceTree = "<group>";
		};
		1A5E1B151F690C8B00AA79BE /* 插入删除移动Cell */ = {
			isa = PBXGroup;
			children = (
				1A5E1B161F690C8B00AA79BE /* InsertViewController.h */,
				1A5E1B171F690C8B00AA79BE /* InsertViewController.m */,
				1A5E1B191F691F6D00AA79BE /* InsertCell.h */,
				1A5E1B1A1F691F6D00AA79BE /* InsertCell.m */,
			);
			path = "插入删除移动Cell";
			sourceTree = "<group>";
		};
		1A5E1B1C1F6A7BA100AA79BE /* 剪切复制和粘贴Cell */ = {
			isa = PBXGroup;
			children = (
				1A5E1B1D1F6A7C0700AA79BE /* EditViewController.h */,
				1A5E1B1E1F6A7C0700AA79BE /* EditViewController.m */,
				1A5E1B201F6A7CDE00AA79BE /* EditCell.h */,
				1A5E1B211F6A7CDE00AA79BE /* EditCell.m */,
			);
			path = "剪切复制和粘贴Cell";
			sourceTree = "<group>";
		};
		1A5E1B271F6BB77D00AA79BE /* Main */ = {
			isa = PBXGroup;
			children = (
				1A5E1B281F6BB77D00AA79BE /* AppDelegate.h */,
				1A5E1B291F6BB77D00AA79BE /* AppDelegate.m */,
				1A5E1B2A1F6BB77D00AA79BE /* HomeTableViewController.h */,
				1A5E1B2B1F6BB77D00AA79BE /* HomeTableViewController.m */,
				1A5E1B2C1F6BB77D00AA79BE /* Info.plist */,
				1A5E1B2D1F6BB77D00AA79BE /* main.m */,
			);
			path = Main;
			sourceTree = "<group>";
		};
		1A5E1B2E1F6BB77D00AA79BE /* Resource */ = {
			isa = PBXGroup;
			children = (
				1A5E1B2F1F6BB77D00AA79BE /* Assets.xcassets */,
				1A5E1B301F6BB77D00AA79BE /* LaunchScreen.storyboard */,
				1A5E1B311F6BB77D00AA79BE /* Main.storyboard */,
			);
			path = Resource;
			sourceTree = "<group>";
		};
		1A5E1B3F1F70C7BF00AA79BE /* 瀑布流布局 */ = {
			isa = PBXGroup;
			children = (
				1A5E1B401F70C7BF00AA79BE /* WaterfallsFlowLayout.h */,
				1A5E1B411F70C7BF00AA79BE /* WaterfallsFlowLayout.m */,
				1A5E1B421F70C7BF00AA79BE /* WaterfallsFlowViewController.h */,
				1A5E1B431F70C7BF00AA79BE /* WaterfallsFlowViewController.m */,
			);
			path = "瀑布流布局";
			sourceTree = "<group>";
		};
		1A8EFCC81F8DC480004BD873 /* 控制器跳转时布局切换转场动画 */ = {
			isa = PBXGroup;
			children = (
				1A9E801E1F8DF3A5007534DF /* FirstViewController.h */,
				1A9E801F1F8DF3A5007534DF /* FirstViewController.m */,
				1A9E80211F8DF3BB007534DF /* SecondViewController.h */,
				1A9E80221F8DF3BB007534DF /* SecondViewController.m */,
				1A9E80241F8E0043007534DF /* CustomTransitionLayout.h */,
				1A9E80251F8E0043007534DF /* CustomTransitionLayout.m */,
			);
			path = "控制器跳转时布局切换转场动画";
			sourceTree = "<group>";
		};
		1A919ECF1F68D24800C2DB12 /* 可多选的UICollectionView */ = {
			isa = PBXGroup;
			children = (
				1A919ED01F68D24800C2DB12 /* MultipleSelectedViewController.h */,
				1A919ED11F68D24800C2DB12 /* MultipleSelectedViewController.m */,
				1A5E1B0E1F68D8EC00AA79BE /* SelectCell.h */,
				1A5E1B0F1F68D8EC00AA79BE /* SelectCell.m */,
			);
			path = "可多选的UICollectionView";
			sourceTree = "<group>";
		};
		1AB49E961F74F36A00F2E790 /* 自定义Cell插入和删除动画 */ = {
			isa = PBXGroup;
			children = (
				1AB49E971F74F39800F2E790 /* InsertAnimationViewController.h */,
				1AB49E981F74F39800F2E790 /* InsertAnimationViewController.m */,
				1AB49E9A1F74F50B00F2E790 /* CustomFlowLayout.h */,
				1AB49E9B1F74F50B00F2E790 /* CustomFlowLayout.m */,
				1AB49E9D1F75096700F2E790 /* CustomCell.h */,
				1AB49E9E1F75096700F2E790 /* CustomCell.m */,
			);
			path = "自定义Cell插入和删除动画";
			sourceTree = "<group>";
		};
/* End PBXGroup section */

/* Begin PBXNativeTarget section */
		1A428BF91F5E37F3008FC3E0 /* UICollectionViewDemo */ = {
			isa = PBXNativeTarget;
			buildConfigurationList = 1A428C111F5E37F3008FC3E0 /* Build configuration list for PBXNativeTarget "UICollectionViewDemo" */;
			buildPhases = (
				1A428BF61F5E37F3008FC3E0 /* Sources */,
				1A428BF71F5E37F3008FC3E0 /* Frameworks */,
				1A428BF81F5E37F3008FC3E0 /* Resources */,
			);
			buildRules = (
			);
			dependencies = (
			);
			name = UICollectionViewDemo;
			productName = UICollectionViewDemo;
			productReference = 1A428BFA1F5E37F3008FC3E0 /* UICollectionViewDemo.app */;
			productType = "com.apple.product-type.application";
		};
/* End PBXNativeTarget section */

/* Begin PBXProject section */
		1A428BF21F5E37F3008FC3E0 /* Project object */ = {
			isa = PBXProject;
			attributes = {
				LastUpgradeCheck = 0900;
				ORGANIZATIONNAME = "讯心科技";
				TargetAttributes = {
					1A428BF91F5E37F3008FC3E0 = {
						CreatedOnToolsVersion = 8.3.3;
						DevelopmentTeam = TZ9R55GK8Q;
						ProvisioningStyle = Automatic;
					};
				};
			};
			buildConfigurationList = 1A428BF51F5E37F3008FC3E0 /* Build configuration list for PBXProject "UICollectionViewDemo" */;
			compatibilityVersion = "Xcode 3.2";
			developmentRegion = English;
			hasScannedForEncodings = 0;
			knownRegions = (
				en,
				Base,
			);
			mainGroup = 1A428BF11F5E37F3008FC3E0;
			productRefGroup = 1A428BFB1F5E37F3008FC3E0 /* Products */;
			projectDirPath = "";
			projectRoot = "";
			targets = (
				1A428BF91F5E37F3008FC3E0 /* UICollectionViewDemo */,
			);
		};
/* End PBXProject section */

/* Begin PBXResourcesBuildPhase section */
		1A428BF81F5E37F3008FC3E0 /* Resources */ = {
			isa = PBXResourcesBuildPhase;
			buildActionMask = 2147483647;
			files = (
				1A5E1B381F6BB77D00AA79BE /* Main.storyboard in Resources */,
				1A428C351F611BB0008FC3E0 /* CustomHeaderView.xib in Resources */,
				1A428C3D1F611E13008FC3E0 /* XibCell.xib in Resources */,
				1A5E1B371F6BB77D00AA79BE /* LaunchScreen.storyboard in Resources */,
				1A428C341F611BB0008FC3E0 /* CustomFooterView.xib in Resources */,
				1A5E1B361F6BB77D00AA79BE /* Assets.xcassets in Resources */,
			);
			runOnlyForDeploymentPostprocessing = 0;
		};
/* End PBXResourcesBuildPhase section */

/* Begin PBXSourcesBuildPhase section */
		1A428BF61F5E37F3008FC3E0 /* Sources */ = {
			isa = PBXSourcesBuildPhase;
			buildActionMask = 2147483647;
			files = (
				34F6D0E71F8CF90900094EF2 /* CollectionViewChangeLayoutViewController.m in Sources */,
				1A5E1B1B1F691F6D00AA79BE /* InsertCell.m in Sources */,
				1A5E1B441F70C7BF00AA79BE /* WaterfallsFlowLayout.m in Sources */,
				1A428C401F611E9E008FC3E0 /* CodeCell.m in Sources */,
				1A428C3C1F611E13008FC3E0 /* XibCell.m in Sources */,
				1A5E1B221F6A7CDE00AA79BE /* EditCell.m in Sources */,
				348559671F7A98360058F2CD /* CardSelectedLayout.m in Sources */,
				1A15119E1F7A5CE800A12D5E /* CardSelectedViewController.m in Sources */,
				1A5E1B451F70C7BF00AA79BE /* WaterfallsFlowViewController.m in Sources */,
				1A919ED21F68D24800C2DB12 /* MultipleSelectedViewController.m in Sources */,
				1A428C321F611BB0008FC3E0 /* BaseDemoViewController.m in Sources */,
				1A5E1B321F6BB77D00AA79BE /* AppDelegate.m in Sources */,
				1A9E80231F8DF3BB007534DF /* SecondViewController.m in Sources */,
				1A5E1B181F690C8B00AA79BE /* InsertViewController.m in Sources */,
				1A9E80261F8E0043007534DF /* CustomTransitionLayout.m in Sources */,
				1A5E1B1F1F6A7C0700AA79BE /* EditViewController.m in Sources */,
				1A5E1B351F6BB77D00AA79BE /* main.m in Sources */,
				1AB49E9C1F74F50B00F2E790 /* CustomFlowLayout.m in Sources */,
				1A5E1B331F6BB77D00AA79BE /* HomeTableViewController.m in Sources */,
				1A428C381F611CE6008FC3E0 /* StoryboardCell.m in Sources */,
				1AB49E9F1F75096700F2E790 /* CustomCell.m in Sources */,
				1A9E80201F8DF3A5007534DF /* FirstViewController.m in Sources */,
				1AB49E991F74F39800F2E790 /* InsertAnimationViewController.m in Sources */,
				1A428C331F611BB0008FC3E0 /* CollectionHeaderView.m in Sources */,
				1A5E1B101F68D8EC00AA79BE /* SelectCell.m in Sources */,
			);
			runOnlyForDeploymentPostprocessing = 0;
		};
/* End PBXSourcesBuildPhase section */

/* Begin XCBuildConfiguration section */
		1A428C0F1F5E37F3008FC3E0 /* Debug */ = {
			isa = XCBuildConfiguration;
			buildSettings = {
				ALWAYS_SEARCH_USER_PATHS = NO;
				CLANG_ANALYZER_NONNULL = YES;
				CLANG_ANALYZER_NUMBER_OBJECT_CONVERSION = YES_AGGRESSIVE;
				CLANG_CXX_LANGUAGE_STANDARD = "gnu++0x";
				CLANG_CXX_LIBRARY = "libc++";
				CLANG_ENABLE_MODULES = YES;
				CLANG_ENABLE_OBJC_ARC = YES;
				CLANG_WARN_BLOCK_CAPTURE_AUTORELEASING = YES;
				CLANG_WARN_BOOL_CONVERSION = YES;
				CLANG_WARN_COMMA = YES;
				CLANG_WARN_CONSTANT_CONVERSION = YES;
				CLANG_WARN_DIRECT_OBJC_ISA_USAGE = YES_ERROR;
				CLANG_WARN_DOCUMENTATION_COMMENTS = YES;
				CLANG_WARN_EMPTY_BODY = YES;
				CLANG_WARN_ENUM_CONVERSION = YES;
				CLANG_WARN_INFINITE_RECURSION = YES;
				CLANG_WARN_INT_CONVERSION = YES;
				CLANG_WARN_NON_LITERAL_NULL_CONVERSION = YES;
				CLANG_WARN_OBJC_LITERAL_CONVERSION = YES;
				CLANG_WARN_OBJC_ROOT_CLASS = YES_ERROR;
				CLANG_WARN_RANGE_LOOP_ANALYSIS = YES;
				CLANG_WARN_STRICT_PROTOTYPES = YES;
				CLANG_WARN_SUSPICIOUS_MOVE = YES;
				CLANG_WARN_UNREACHABLE_CODE = YES;
				CLANG_WARN__DUPLICATE_METHOD_MATCH = YES;
				"CODE_SIGN_IDENTITY[sdk=iphoneos*]" = "iPhone Developer";
				COPY_PHASE_STRIP = NO;
				DEBUG_INFORMATION_FORMAT = dwarf;
				ENABLE_STRICT_OBJC_MSGSEND = YES;
				ENABLE_TESTABILITY = YES;
				GCC_C_LANGUAGE_STANDARD = gnu99;
				GCC_DYNAMIC_NO_PIC = NO;
				GCC_NO_COMMON_BLOCKS = YES;
				GCC_OPTIMIZATION_LEVEL = 0;
				GCC_PREPROCESSOR_DEFINITIONS = (
					"DEBUG=1",
					"$(inherited)",
				);
				GCC_WARN_64_TO_32_BIT_CONVERSION = YES;
				GCC_WARN_ABOUT_RETURN_TYPE = YES_ERROR;
				GCC_WARN_UNDECLARED_SELECTOR = YES;
				GCC_WARN_UNINITIALIZED_AUTOS = YES_AGGRESSIVE;
				GCC_WARN_UNUSED_FUNCTION = YES;
				GCC_WARN_UNUSED_VARIABLE = YES;
				IPHONEOS_DEPLOYMENT_TARGET = 8.0;
				MTL_ENABLE_DEBUG_INFO = YES;
				ONLY_ACTIVE_ARCH = YES;
				SDKROOT = iphoneos;
			};
			name = Debug;
		};
		1A428C101F5E37F3008FC3E0 /* Release */ = {
			isa = XCBuildConfiguration;
			buildSettings = {
				ALWAYS_SEARCH_USER_PATHS = NO;
				CLANG_ANALYZER_NONNULL = YES;
				CLANG_ANALYZER_NUMBER_OBJECT_CONVERSION = YES_AGGRESSIVE;
				CLANG_CXX_LANGUAGE_STANDARD = "gnu++0x";
				CLANG_CXX_LIBRARY = "libc++";
				CLANG_ENABLE_MODULES = YES;
				CLANG_ENABLE_OBJC_ARC = YES;
				CLANG_WARN_BLOCK_CAPTURE_AUTORELEASING = YES;
				CLANG_WARN_BOOL_CONVERSION = YES;
				CLANG_WARN_COMMA = YES;
				CLANG_WARN_CONSTANT_CONVERSION = YES;
				CLANG_WARN_DIRECT_OBJC_ISA_USAGE = YES_ERROR;
				CLANG_WARN_DOCUMENTATION_COMMENTS = YES;
				CLANG_WARN_EMPTY_BODY = YES;
				CLANG_WARN_ENUM_CONVERSION = YES;
				CLANG_WARN_INFINITE_RECURSION = YES;
				CLANG_WARN_INT_CONVERSION = YES;
				CLANG_WARN_NON_LITERAL_NULL_CONVERSION = YES;
				CLANG_WARN_OBJC_LITERAL_CONVERSION = YES;
				CLANG_WARN_OBJC_ROOT_CLASS = YES_ERROR;
				CLANG_WARN_RANGE_LOOP_ANALYSIS = YES;
				CLANG_WARN_STRICT_PROTOTYPES = YES;
				CLANG_WARN_SUSPICIOUS_MOVE = YES;
				CLANG_WARN_UNREACHABLE_CODE = YES;
				CLANG_WARN__DUPLICATE_METHOD_MATCH = YES;
				"CODE_SIGN_IDENTITY[sdk=iphoneos*]" = "iPhone Developer";
				COPY_PHASE_STRIP = NO;
				DEBUG_INFORMATION_FORMAT = "dwarf-with-dsym";
				ENABLE_NS_ASSERTIONS = NO;
				ENABLE_STRICT_OBJC_MSGSEND = YES;
				GCC_C_LANGUAGE_STANDARD = gnu99;
				GCC_NO_COMMON_BLOCKS = YES;
				GCC_WARN_64_TO_32_BIT_CONVERSION = YES;
				GCC_WARN_ABOUT_RETURN_TYPE = YES_ERROR;
				GCC_WARN_UNDECLARED_SELECTOR = YES;
				GCC_WARN_UNINITIALIZED_AUTOS = YES_AGGRESSIVE;
				GCC_WARN_UNUSED_FUNCTION = YES;
				GCC_WARN_UNUSED_VARIABLE = YES;
				IPHONEOS_DEPLOYMENT_TARGET = 8.0;
				MTL_ENABLE_DEBUG_INFO = NO;
				SDKROOT = iphoneos;
				VALIDATE_PRODUCT = YES;
			};
			name = Release;
		};
		1A428C121F5E37F3008FC3E0 /* Debug */ = {
			isa = XCBuildConfiguration;
			buildSettings = {
				ASSETCATALOG_COMPILER_APPICON_NAME = AppIcon;
				"CODE_SIGN_IDENTITY[sdk=iphoneos*]" = "iPhone Developer";
				DEVELOPMENT_TEAM = TZ9R55GK8Q;
				INFOPLIST_FILE = "$(SRCROOT)/UICollectionViewDemo/Main/Info.plist";
				IPHONEOS_DEPLOYMENT_TARGET = 8.0;
				LD_RUNPATH_SEARCH_PATHS = "$(inherited) @executable_path/Frameworks";
				PRODUCT_BUNDLE_IDENTIFIER = com.xunxin.UICollectionViewDemo;
				PRODUCT_NAME = "$(TARGET_NAME)";
				PROVISIONING_PROFILE_SPECIFIER = "";
			};
			name = Debug;
		};
		1A428C131F5E37F3008FC3E0 /* Release */ = {
			isa = XCBuildConfiguration;
			buildSettings = {
				ASSETCATALOG_COMPILER_APPICON_NAME = AppIcon;
				"CODE_SIGN_IDENTITY[sdk=iphoneos*]" = "iPhone Developer";
				DEVELOPMENT_TEAM = TZ9R55GK8Q;
				INFOPLIST_FILE = "$(SRCROOT)/UICollectionViewDemo/Main/Info.plist";
				IPHONEOS_DEPLOYMENT_TARGET = 8.0;
				LD_RUNPATH_SEARCH_PATHS = "$(inherited) @executable_path/Frameworks";
				PRODUCT_BUNDLE_IDENTIFIER = com.xunxin.UICollectionViewDemo;
				PRODUCT_NAME = "$(TARGET_NAME)";
				PROVISIONING_PROFILE_SPECIFIER = "";
			};
			name = Release;
		};
/* End XCBuildConfiguration section */

/* Begin XCConfigurationList section */
		1A428BF51F5E37F3008FC3E0 /* Build configuration list for PBXProject "UICollectionViewDemo" */ = {
			isa = XCConfigurationList;
			buildConfigurations = (
				1A428C0F1F5E37F3008FC3E0 /* Debug */,
				1A428C101F5E37F3008FC3E0 /* Release */,
			);
			defaultConfigurationIsVisible = 0;
			defaultConfigurationName = Release;
		};
		1A428C111F5E37F3008FC3E0 /* Build configuration list for PBXNativeTarget "UICollectionViewDemo" */ = {
			isa = XCConfigurationList;
			buildConfigurations = (
				1A428C121F5E37F3008FC3E0 /* Debug */,
				1A428C131F5E37F3008FC3E0 /* Release */,
			);
			defaultConfigurationIsVisible = 0;
			defaultConfigurationName = Release;
		};
/* End XCConfigurationList section */
	};
	rootObject = 1A428BF21F5E37F3008FC3E0 /* Project object */;
}
